// !$*UTF8*$!
{
	archiveVersion = 1;
	classes = {
	};
	objectVersion = 46;
	objects = {

/* Begin PBXBuildFile section */
		CA6B2DBF19D9203F003F8E84 /* Foundation.framework in Frameworks */ = {isa = PBXBuildFile; fileRef = CAE0280519D8DDD00034AF11 /* Foundation.framework */; };
		CA6B2DC019D9203F003F8E84 /* CoreGraphics.framework in Frameworks */ = {isa = PBXBuildFile; fileRef = CAE0280719D8DDD00034AF11 /* CoreGraphics.framework */; };
		CA6B2DC119D9203F003F8E84 /* UIKit.framework in Frameworks */ = {isa = PBXBuildFile; fileRef = CAE0280919D8DDD00034AF11 /* UIKit.framework */; };
		CA6B2DDB19D9203F003F8E84 /* XCTest.framework in Frameworks */ = {isa = PBXBuildFile; fileRef = CAE0282419D8DDD00034AF11 /* XCTest.framework */; };
		CA6B2DDC19D9203F003F8E84 /* Foundation.framework in Frameworks */ = {isa = PBXBuildFile; fileRef = CAE0280519D8DDD00034AF11 /* Foundation.framework */; };
		CA6B2DDD19D9203F003F8E84 /* UIKit.framework in Frameworks */ = {isa = PBXBuildFile; fileRef = CAE0280919D8DDD00034AF11 /* UIKit.framework */; };
		CAE0280619D8DDD00034AF11 /* Foundation.framework in Frameworks */ = {isa = PBXBuildFile; fileRef = CAE0280519D8DDD00034AF11 /* Foundation.framework */; };
		CAE0280819D8DDD00034AF11 /* CoreGraphics.framework in Frameworks */ = {isa = PBXBuildFile; fileRef = CAE0280719D8DDD00034AF11 /* CoreGraphics.framework */; };
		CAE0280A19D8DDD00034AF11 /* UIKit.framework in Frameworks */ = {isa = PBXBuildFile; fileRef = CAE0280919D8DDD00034AF11 /* UIKit.framework */; };
		CAE0281019D8DDD00034AF11 /* InfoPlist.strings in Resources */ = {isa = PBXBuildFile; fileRef = CAE0280E19D8DDD00034AF11 /* InfoPlist.strings */; };
		CAE0281219D8DDD00034AF11 /* main.m in Sources */ = {isa = PBXBuildFile; fileRef = CAE0281119D8DDD00034AF11 /* main.m */; };
		CAE0281619D8DDD00034AF11 /* IvyAppDelegate.m in Sources */ = {isa = PBXBuildFile; fileRef = CAE0281519D8DDD00034AF11 /* IvyAppDelegate.m */; };
		CAE0281E19D8DDD00034AF11 /* Images.xcassets in Resources */ = {isa = PBXBuildFile; fileRef = CAE0281D19D8DDD00034AF11 /* Images.xcassets */; };
		CAE0282519D8DDD00034AF11 /* XCTest.framework in Frameworks */ = {isa = PBXBuildFile; fileRef = CAE0282419D8DDD00034AF11 /* XCTest.framework */; };
		CAE0282619D8DDD00034AF11 /* Foundation.framework in Frameworks */ = {isa = PBXBuildFile; fileRef = CAE0280519D8DDD00034AF11 /* Foundation.framework */; };
		CAE0282719D8DDD00034AF11 /* UIKit.framework in Frameworks */ = {isa = PBXBuildFile; fileRef = CAE0280919D8DDD00034AF11 /* UIKit.framework */; };
		CAE0282F19D8DDD00034AF11 /* InfoPlist.strings in Resources */ = {isa = PBXBuildFile; fileRef = CAE0282D19D8DDD00034AF11 /* InfoPlist.strings */; };
		CAE0283119D8DDD00034AF11 /* CustomContainer_ViewControllersTests.m in Sources */ = {isa = PBXBuildFile; fileRef = CAE0283019D8DDD00034AF11 /* CustomContainer_ViewControllersTests.m */; };
		CAE0283C19D8DE5D0034AF11 /* IvyContainerViewController.m in Sources */ = {isa = PBXBuildFile; fileRef = CAE0283B19D8DE5D0034AF11 /* IvyContainerViewController.m */; };
		CAE0283F19D8E0190034AF11 /* IvyLeftViewController.m in Sources */ = {isa = PBXBuildFile; fileRef = CAE0283E19D8E0190034AF11 /* IvyLeftViewController.m */; };
		CAE0284219D8E0240034AF11 /* IvyBottomViewController.m in Sources */ = {isa = PBXBuildFile; fileRef = CAE0284119D8E0240034AF11 /* IvyBottomViewController.m */; };
/* End PBXBuildFile section */

/* Begin PBXContainerItemProxy section */
		CA6B2DDE19D9203F003F8E84 /* PBXContainerItemProxy */ = {
			isa = PBXContainerItemProxy;
			containerPortal = CAE027FA19D8DDD00034AF11 /* Project object */;
			proxyType = 1;
			remoteGlobalIDString = CA6B2DBD19D9203F003F8E84;
			remoteInfo = "Test-抽屉";
		};
		CAE0282819D8DDD00034AF11 /* PBXContainerItemProxy */ = {
			isa = PBXContainerItemProxy;
			containerPortal = CAE027FA19D8DDD00034AF11 /* Project object */;
			proxyType = 1;
			remoteGlobalIDString = CAE0280119D8DDD00034AF11;
			remoteInfo = "CustomContainer ViewControllers";
		};
/* End PBXContainerItemProxy section */

/* Begin PBXFileReference section */
		CA6B2DBE19D9203F003F8E84 /* Test-抽屉.app */ = {isa = PBXFileReference; explicitFileType = wrapper.application; includeInIndex = 0; path = "Test-抽屉.app"; sourceTree = BUILT_PRODUCTS_DIR; };
		CA6B2DDA19D9203F003F8E84 /* Test-抽屉Tests.xctest */ = {isa = PBXFileReference; explicitFileType = wrapper.cfbundle; includeInIndex = 0; path = "Test-抽屉Tests.xctest"; sourceTree = BUILT_PRODUCTS_DIR; };
		CAE0280219D8DDD00034AF11 /* CustomContainer ViewControllers.app */ = {isa = PBXFileReference; explicitFileType = wrapper.application; includeInIndex = 0; path = "CustomContainer ViewControllers.app"; sourceTree = BUILT_PRODUCTS_DIR; };
		CAE0280519D8DDD00034AF11 /* Foundation.framework */ = {isa = PBXFileReference; lastKnownFileType = wrapper.framework; name = Foundation.framework; path = System/Library/Frameworks/Foundation.framework; sourceTree = SDKROOT; };
		CAE0280719D8DDD00034AF11 /* CoreGraphics.framework */ = {isa = PBXFileReference; lastKnownFileType = wrapper.framework; name = CoreGraphics.framework; path = System/Library/Frameworks/CoreGraphics.framework; sourceTree = SDKROOT; };
		CAE0280919D8DDD00034AF11 /* UIKit.framework */ = {isa = PBXFileReference; lastKnownFileType = wrapper.framework; name = UIKit.framework; path = System/Library/Frameworks/UIKit.framework; sourceTree = SDKROOT; };
		CAE0280D19D8DDD00034AF11 /* CustomContainer ViewControllers-Info.plist */ = {isa = PBXFileReference; lastKnownFileType = text.plist.xml; path = "CustomContainer ViewControllers-Info.plist"; sourceTree = "<group>"; };
		CAE0280F19D8DDD00034AF11 /* en */ = {isa = PBXFileReference; lastKnownFileType = text.plist.strings; name = en; path = en.lproj/InfoPlist.strings; sourceTree = "<group>"; };
		CAE0281119D8DDD00034AF11 /* main.m */ = {isa = PBXFileReference; lastKnownFileType = sourcecode.c.objc; path = main.m; sourceTree = "<group>"; };
		CAE0281319D8DDD00034AF11 /* CustomContainer ViewControllers-Prefix.pch */ = {isa = PBXFileReference; lastKnownFileType = sourcecode.c.h; path = "CustomContainer ViewControllers-Prefix.pch"; sourceTree = "<group>"; };
		CAE0281419D8DDD00034AF11 /* IvyAppDelegate.h */ = {isa = PBXFileReference; lastKnownFileType = sourcecode.c.h; path = IvyAppDelegate.h; sourceTree = "<group>"; };
		CAE0281519D8DDD00034AF11 /* IvyAppDelegate.m */ = {isa = PBXFileReference; lastKnownFileType = sourcecode.c.objc; path = IvyAppDelegate.m; sourceTree = "<group>"; };
		CAE0281D19D8DDD00034AF11 /* Images.xcassets */ = {isa = PBXFileReference; lastKnownFileType = folder.assetcatalog; path = Images.xcassets; sourceTree = "<group>"; };
		CAE0282319D8DDD00034AF11 /* CustomContainer ViewControllersTests.xctest */ = {isa = PBXFileReference; explicitFileType = wrapper.cfbundle; includeInIndex = 0; path = "CustomContainer ViewControllersTests.xctest"; sourceTree = BUILT_PRODUCTS_DIR; };
		CAE0282419D8DDD00034AF11 /* XCTest.framework */ = {isa = PBXFileReference; lastKnownFileType = wrapper.framework; name = XCTest.framework; path = Library/Frameworks/XCTest.framework; sourceTree = DEVELOPER_DIR; };
		CAE0282C19D8DDD00034AF11 /* CustomContainer ViewControllersTests-Info.plist */ = {isa = PBXFileReference; lastKnownFileType = text.plist.xml; path = "CustomContainer ViewControllersTests-Info.plist"; sourceTree = "<group>"; };
		CAE0282E19D8DDD00034AF11 /* en */ = {isa = PBXFileReference; lastKnownFileType = text.plist.strings; name = en; path = en.lproj/InfoPlist.strings; sourceTree = "<group>"; };
		CAE0283019D8DDD00034AF11 /* CustomContainer_ViewControllersTests.m */ = {isa = PBXFileReference; lastKnownFileType = sourcecode.c.objc; path = CustomContainer_ViewControllersTests.m; sourceTree = "<group>"; };
		CAE0283A19D8DE5D0034AF11 /* IvyContainerViewController.h */ = {isa = PBXFileReference; fileEncoding = 4; lastKnownFileType = sourcecode.c.h; path = IvyContainerViewController.h; sourceTree = "<group>"; };
		CAE0283B19D8DE5D0034AF11 /* IvyContainerViewController.m */ = {isa = PBXFileReference; fileEncoding = 4; lastKnownFileType = sourcecode.c.objc; path = IvyContainerViewController.m; sourceTree = "<group>"; };
		CAE0283D19D8E0190034AF11 /* IvyLeftViewController.h */ = {isa = PBXFileReference; fileEncoding = 4; lastKnownFileType = sourcecode.c.h; path = IvyLeftViewController.h; sourceTree = "<group>"; };
		CAE0283E19D8E0190034AF11 /* IvyLeftViewController.m */ = {isa = PBXFileReference; fileEncoding = 4; lastKnownFileType = sourcecode.c.objc; path = IvyLeftViewController.m; sourceTree = "<group>"; };
		CAE0284019D8E0240034AF11 /* IvyBottomViewController.h */ = {isa = PBXFileReference; fileEncoding = 4; lastKnownFileType = sourcecode.c.h; path = IvyBottomViewController.h; sourceTree = "<group>"; };
		CAE0284119D8E0240034AF11 /* IvyBottomViewController.m */ = {isa = PBXFileReference; fileEncoding = 4; lastKnownFileType = sourcecode.c.objc; path = IvyBottomViewController.m; sourceTree = "<group>"; };
/* End PBXFileReference section */

/* Begin PBXFrameworksBuildPhase section */
		CA6B2DBB19D9203F003F8E84 /* Frameworks */ = {
			isa = PBXFrameworksBuildPhase;
			buildActionMask = 2147483647;
			files = (
				CA6B2DC019D9203F003F8E84 /* CoreGraphics.framework in Frameworks */,
				CA6B2DC119D9203F003F8E84 /* UIKit.framework in Frameworks */,
				CA6B2DBF19D9203F003F8E84 /* Foundation.framework in Frameworks */,
			);
			runOnlyForDeploymentPostprocessing = 0;
		};
		CA6B2DD719D9203F003F8E84 /* Frameworks */ = {
			isa = PBXFrameworksBuildPhase;
			buildActionMask = 2147483647;
			files = (
				CA6B2DDB19D9203F003F8E84 /* XCTest.framework in Frameworks */,
				CA6B2DDD19D9203F003F8E84 /* UIKit.framework in Frameworks */,
				CA6B2DDC19D9203F003F8E84 /* Foundation.framework in Frameworks */,
			);
			runOnlyForDeploymentPostprocessing = 0;
		};
		CAE027FF19D8DDD00034AF11 /* Frameworks */ = {
			isa = PBXFrameworksBuildPhase;
			buildActionMask = 2147483647;
			files = (
				CAE0280819D8DDD00034AF11 /* CoreGraphics.framework in Frameworks */,
				CAE0280A19D8DDD00034AF11 /* UIKit.framework in Frameworks */,
				CAE0280619D8DDD00034AF11 /* Foundation.framework in Frameworks */,
			);
			runOnlyForDeploymentPostprocessing = 0;
		};
		CAE0282019D8DDD00034AF11 /* Frameworks */ = {
			isa = PBXFrameworksBuildPhase;
			buildActionMask = 2147483647;
			files = (
				CAE0282519D8DDD00034AF11 /* XCTest.framework in Frameworks */,
				CAE0282719D8DDD00034AF11 /* UIKit.framework in Frameworks */,
				CAE0282619D8DDD00034AF11 /* Foundation.framework in Frameworks */,
			);
			runOnlyForDeploymentPostprocessing = 0;
		};
/* End PBXFrameworksBuildPhase section */

/* Begin PBXGroup section */
		CAE027F919D8DDD00034AF11 = {
			isa = PBXGroup;
			children = (
				CAE0280B19D8DDD00034AF11 /* CustomContainer ViewControllers */,
				CAE0282A19D8DDD00034AF11 /* CustomContainer ViewControllersTests */,
				CAE0280419D8DDD00034AF11 /* Frameworks */,
				CAE0280319D8DDD00034AF11 /* Products */,
			);
			sourceTree = "<group>";
		};
		CAE0280319D8DDD00034AF11 /* Products */ = {
			isa = PBXGroup;
			children = (
				CAE0280219D8DDD00034AF11 /* CustomContainer ViewControllers.app */,
				CAE0282319D8DDD00034AF11 /* CustomContainer ViewControllersTests.xctest */,
				CA6B2DBE19D9203F003F8E84 /* Test-抽屉.app */,
				CA6B2DDA19D9203F003F8E84 /* Test-抽屉Tests.xctest */,
			);
			name = Products;
			sourceTree = "<group>";
		};
		CAE0280419D8DDD00034AF11 /* Frameworks */ = {
			isa = PBXGroup;
			children = (
				CAE0280519D8DDD00034AF11 /* Foundation.framework */,
				CAE0280719D8DDD00034AF11 /* CoreGraphics.framework */,
				CAE0280919D8DDD00034AF11 /* UIKit.framework */,
				CAE0282419D8DDD00034AF11 /* XCTest.framework */,
			);
			name = Frameworks;
			sourceTree = "<group>";
		};
		CAE0280B19D8DDD00034AF11 /* CustomContainer ViewControllers */ = {
			isa = PBXGroup;
			children = (
				CAE0281419D8DDD00034AF11 /* IvyAppDelegate.h */,
				CAE0281519D8DDD00034AF11 /* IvyAppDelegate.m */,
				CAE0283A19D8DE5D0034AF11 /* IvyContainerViewController.h */,
				CAE0283B19D8DE5D0034AF11 /* IvyContainerViewController.m */,
				CAE0283D19D8E0190034AF11 /* IvyLeftViewController.h */,
				CAE0283E19D8E0190034AF11 /* IvyLeftViewController.m */,
				CAE0284019D8E0240034AF11 /* IvyBottomViewController.h */,
				CAE0284119D8E0240034AF11 /* IvyBottomViewController.m */,
				CAE0281D19D8DDD00034AF11 /* Images.xcassets */,
				CAE0280C19D8DDD00034AF11 /* Supporting Files */,
			);
			path = "CustomContainer ViewControllers";
			sourceTree = "<group>";
		};
		CAE0280C19D8DDD00034AF11 /* Supporting Files */ = {
			isa = PBXGroup;
			children = (
				CAE0280D19D8DDD00034AF11 /* CustomContainer ViewControllers-Info.plist */,
				CAE0280E19D8DDD00034AF11 /* InfoPlist.strings */,
				CAE0281119D8DDD00034AF11 /* main.m */,
				CAE0281319D8DDD00034AF11 /* CustomContainer ViewControllers-Prefix.pch */,
			);
			name = "Supporting Files";
			sourceTree = "<group>";
		};
		CAE0282A19D8DDD00034AF11 /* CustomContainer ViewControllersTests */ = {
			isa = PBXGroup;
			children = (
				CAE0283019D8DDD00034AF11 /* CustomContainer_ViewControllersTests.m */,
				CAE0282B19D8DDD00034AF11 /* Supporting Files */,
			);
			path = "CustomContainer ViewControllersTests";
			sourceTree = "<group>";
		};
		CAE0282B19D8DDD00034AF11 /* Supporting Files */ = {
			isa = PBXGroup;
			children = (
				CAE0282C19D8DDD00034AF11 /* CustomContainer ViewControllersTests-Info.plist */,
				CAE0282D19D8DDD00034AF11 /* InfoPlist.strings */,
			);
			name = "Supporting Files";
			sourceTree = "<group>";
		};
/* End PBXGroup section */

/* Begin PBXNativeTarget section */
		CA6B2DBD19D9203F003F8E84 /* Test-抽屉 */ = {
			isa = PBXNativeTarget;
			buildConfigurationList = CA6B2DE819D92040003F8E84 /* Build configuration list for PBXNativeTarget "Test-抽屉" */;
			buildPhases = (
				CA6B2DBA19D9203F003F8E84 /* Sources */,
				CA6B2DBB19D9203F003F8E84 /* Frameworks */,
				CA6B2DBC19D9203F003F8E84 /* Resources */,
			);
			buildRules = (
			);
			dependencies = (
			);
			name = "Test-抽屉";
			productName = "Test-抽屉";
			productReference = CA6B2DBE19D9203F003F8E84 /* Test-抽屉.app */;
			productType = "com.apple.product-type.application";
		};
		CA6B2DD919D9203F003F8E84 /* Test-抽屉Tests */ = {
			isa = PBXNativeTarget;
			buildConfigurationList = CA6B2DEB19D92040003F8E84 /* Build configuration list for PBXNativeTarget "Test-抽屉Tests" */;
			buildPhases = (
				CA6B2DD619D9203F003F8E84 /* Sources */,
				CA6B2DD719D9203F003F8E84 /* Frameworks */,
				CA6B2DD819D9203F003F8E84 /* Resources */,
			);
			buildRules = (
			);
			dependencies = (
				CA6B2DDF19D9203F003F8E84 /* PBXTargetDependency */,
			);
			name = "Test-抽屉Tests";
			productName = "Test-抽屉Tests";
			productReference = CA6B2DDA19D9203F003F8E84 /* Test-抽屉Tests.xctest */;
			productType = "com.apple.product-type.bundle.unit-test";
		};
		CAE0280119D8DDD00034AF11 /* CustomContainer ViewControllers */ = {
			isa = PBXNativeTarget;
			buildConfigurationList = CAE0283419D8DDD00034AF11 /* Build configuration list for PBXNativeTarget "CustomContainer ViewControllers" */;
			buildPhases = (
				CAE027FE19D8DDD00034AF11 /* Sources */,
				CAE027FF19D8DDD00034AF11 /* Frameworks */,
				CAE0280019D8DDD00034AF11 /* Resources */,
			);
			buildRules = (
			);
			dependencies = (
			);
			name = "CustomContainer ViewControllers";
			productName = "CustomContainer ViewControllers";
			productReference = CAE0280219D8DDD00034AF11 /* CustomContainer ViewControllers.app */;
			productType = "com.apple.product-type.application";
		};
		CAE0282219D8DDD00034AF11 /* CustomContainer ViewControllersTests */ = {
			isa = PBXNativeTarget;
			buildConfigurationList = CAE0283719D8DDD00034AF11 /* Build configuration list for PBXNativeTarget "CustomContainer ViewControllersTests" */;
			buildPhases = (
				CAE0281F19D8DDD00034AF11 /* Sources */,
				CAE0282019D8DDD00034AF11 /* Frameworks */,
				CAE0282119D8DDD00034AF11 /* Resources */,
			);
			buildRules = (
			);
			dependencies = (
				CAE0282919D8DDD00034AF11 /* PBXTargetDependency */,
			);
			name = "CustomContainer ViewControllersTests";
			productName = "CustomContainer ViewControllersTests";
			productReference = CAE0282319D8DDD00034AF11 /* CustomContainer ViewControllersTests.xctest */;
			productType = "com.apple.product-type.bundle.unit-test";
		};
/* End PBXNativeTarget section */

/* Begin PBXProject section */
		CAE027FA19D8DDD00034AF11 /* Project object */ = {
			isa = PBXProject;
			attributes = {
				CLASSPREFIX = Ivy;
				LastUpgradeCheck = 0510;
				ORGANIZATIONNAME = Ivy;
				TargetAttributes = {
					CA6B2DD919D9203F003F8E84 = {
						TestTargetID = CAE0280119D8DDD00034AF11;
					};
					CAE0282219D8DDD00034AF11 = {
						TestTargetID = CAE0280119D8DDD00034AF11;
					};
				};
			};
			buildConfigurationList = CAE027FD19D8DDD00034AF11 /* Build configuration list for PBXProject "CustomContainer ViewControllers" */;
			compatibilityVersion = "Xcode 3.2";
			developmentRegion = English;
			hasScannedForEncodings = 0;
			knownRegions = (
				en,
				Base,
			);
			mainGroup = CAE027F919D8DDD00034AF11;
			productRefGroup = CAE0280319D8DDD00034AF11 /* Products */;
			projectDirPath = "";
			projectRoot = "";
			targets = (
				CAE0280119D8DDD00034AF11 /* CustomContainer ViewControllers */,
				CAE0282219D8DDD00034AF11 /* CustomContainer ViewControllersTests */,
				CA6B2DBD19D9203F003F8E84 /* Test-抽屉 */,
				CA6B2DD919D9203F003F8E84 /* Test-抽屉Tests */,
			);
		};
/* End PBXProject section */

/* Begin PBXResourcesBuildPhase section */
		CA6B2DBC19D9203F003F8E84 /* Resources */ = {
			isa = PBXResourcesBuildPhase;
			buildActionMask = 2147483647;
			files = (
			);
			runOnlyForDeploymentPostprocessing = 0;
		};
		CA6B2DD819D9203F003F8E84 /* Resources */ = {
			isa = PBXResourcesBuildPhase;
			buildActionMask = 2147483647;
			files = (
			);
			runOnlyForDeploymentPostprocessing = 0;
		};
		CAE0280019D8DDD00034AF11 /* Resources */ = {
			isa = PBXResourcesBuildPhase;
			buildActionMask = 2147483647;
			files = (
				CAE0281E19D8DDD00034AF11 /* Images.xcassets in Resources */,
				CAE0281019D8DDD00034AF11 /* InfoPlist.strings in Resources */,
			);
			runOnlyForDeploymentPostprocessing = 0;
		};
		CAE0282119D8DDD00034AF11 /* Resources */ = {
			isa = PBXResourcesBuildPhase;
			buildActionMask = 2147483647;
			files = (
				CAE0282F19D8DDD00034AF11 /* InfoPlist.strings in Resources */,
			);
			runOnlyForDeploymentPostprocessing = 0;
		};
/* End PBXResourcesBuildPhase section */

/* Begin PBXSourcesBuildPhase section */
		CA6B2DBA19D9203F003F8E84 /* Sources */ = {
			isa = PBXSourcesBuildPhase;
			buildActionMask = 2147483647;
			files = (
			);
			runOnlyForDeploymentPostprocessing = 0;
		};
		CA6B2DD619D9203F003F8E84 /* Sources */ = {
			isa = PBXSourcesBuildPhase;
			buildActionMask = 2147483647;
			files = (
			);
			runOnlyForDeploymentPostprocessing = 0;
		};
		CAE027FE19D8DDD00034AF11 /* Sources */ = {
			isa = PBXSourcesBuildPhase;
			buildActionMask = 2147483647;
			files = (
				CAE0283F19D8E0190034AF11 /* IvyLeftViewController.m in Sources */,
				CAE0283C19D8DE5D0034AF11 /* IvyContainerViewController.m in Sources */,
				CAE0281219D8DDD00034AF11 /* main.m in Sources */,
				CAE0284219D8E0240034AF11 /* IvyBottomViewController.m in Sources */,
				CAE0281619D8DDD00034AF11 /* IvyAppDelegate.m in Sources */,
			);
			runOnlyForDeploymentPostprocessing = 0;
		};
		CAE0281F19D8DDD00034AF11 /* Sources */ = {
			isa = PBXSourcesBuildPhase;
			buildActionMask = 2147483647;
			files = (
				CAE0283119D8DDD00034AF11 /* CustomContainer_ViewControllersTests.m in Sources */,
			);
			runOnlyForDeploymentPostprocessing = 0;
		};
/* End PBXSourcesBuildPhase section */

/* Begin PBXTargetDependency section */
		CA6B2DDF19D9203F003F8E84 /* PBXTargetDependency */ = {
			isa = PBXTargetDependency;
			target = CA6B2DBD19D9203F003F8E84 /* Test-抽屉 */;
			targetProxy = CA6B2DDE19D9203F003F8E84 /* PBXContainerItemProxy */;
		};
		CAE0282919D8DDD00034AF11 /* PBXTargetDependency */ = {
			isa = PBXTargetDependency;
			target = CAE0280119D8DDD00034AF11 /* CustomContainer ViewControllers */;
			targetProxy = CAE0282819D8DDD00034AF11 /* PBXContainerItemProxy */;
		};
/* End PBXTargetDependency section */

/* Begin PBXVariantGroup section */
		CAE0280E19D8DDD00034AF11 /* InfoPlist.strings */ = {
			isa = PBXVariantGroup;
			children = (
				CAE0280F19D8DDD00034AF11 /* en */,
			);
			name = InfoPlist.strings;
			sourceTree = "<group>";
		};
		CAE0282D19D8DDD00034AF11 /* InfoPlist.strings */ = {
			isa = PBXVariantGroup;
			children = (
				CAE0282E19D8DDD00034AF11 /* en */,
			);
			name = InfoPlist.strings;
			sourceTree = "<group>";
		};
/* End PBXVariantGroup section */

/* Begin XCBuildConfiguration section */
		CA6B2DE919D92040003F8E84 /* Debug */ = {
			isa = XCBuildConfiguration;
			buildSettings = {
				ASSETCATALOG_COMPILER_APPICON_NAME = AppIcon;
				ASSETCATALOG_COMPILER_LAUNCHIMAGE_NAME = LaunchImage;
				GCC_PRECOMPILE_PREFIX_HEADER = YES;
				GCC_PREFIX_HEADER = "Test-抽屉/Test-抽屉-Prefix.pch";
				GCC_PREPROCESSOR_DEFINITIONS = (
					"DEBUG=1",
					"$(inherited)",
				);
				INFOPLIST_FILE = "Test-抽屉/Test-抽屉-Info.plist";
				PRODUCT_NAME = "$(TARGET_NAME)";
				WRAPPER_EXTENSION = app;
			};
			name = Debug;
		};
		CA6B2DEA19D92040003F8E84 /* Release */ = {
			isa = XCBuildConfiguration;
			buildSettings = {
				ASSETCATALOG_COMPILER_APPICON_NAME = AppIcon;
				ASSETCATALOG_COMPILER_LAUNCHIMAGE_NAME = LaunchImage;
				GCC_PRECOMPILE_PREFIX_HEADER = YES;
				GCC_PREFIX_HEADER = "Test-抽屉/Test-抽屉-Prefix.pch";
				INFOPLIST_FILE = "Test-抽屉/Test-抽屉-Info.plist";
				PRODUCT_NAME = "$(TARGET_NAME)";
				WRAPPER_EXTENSION = app;
			};
			name = Release;
		};
		CA6B2DEC19D92040003F8E84 /* Debug */ = {
			isa = XCBuildConfiguration;
			buildSettings = {
				BUNDLE_LOADER = "$(BUILT_PRODUCTS_DIR)/CustomContainer ViewControllers.app/CustomContainer ViewControllers";
				FRAMEWORK_SEARCH_PATHS = (
					"$(SDKROOT)/Developer/Library/Frameworks",
					"$(inherited)",
					"$(DEVELOPER_FRAMEWORKS_DIR)",
				);
				GCC_PRECOMPILE_PREFIX_HEADER = YES;
				GCC_PREFIX_HEADER = "Test-抽屉/Test-抽屉-Prefix.pch";
				GCC_PREPROCESSOR_DEFINITIONS = (
					"DEBUG=1",
					"$(inherited)",
				);
				INFOPLIST_FILE = "Test-抽屉Tests/Test-抽屉Tests-Info.plist";
				PRODUCT_NAME = "$(TARGET_NAME)";
				TEST_HOST = "$(BUNDLE_LOADER)";
				WRAPPER_EXTENSION = xctest;
			};
			name = Debug;
		};
		CA6B2DED19D92040003F8E84 /* Release */ = {
			isa = XCBuildConfiguration;
			buildSettings = {
				BUNDLE_LOADER = "$(BUILT_PRODUCTS_DIR)/CustomContainer ViewControllers.app/CustomContainer ViewControllers";
				FRAMEWORK_SEARCH_PATHS = (
					"$(SDKROOT)/Developer/Library/Frameworks",
					"$(inherited)",
					"$(DEVELOPER_FRAMEWORKS_DIR)",
				);
				GCC_PRECOMPILE_PREFIX_HEADER = YES;
				GCC_PREFIX_HEADER = "Test-抽屉/Test-抽屉-Prefix.pch";
				INFOPLIST_FILE = "Test-抽屉Tests/Test-抽屉Tests-Info.plist";
				PRODUCT_NAME = "$(TARGET_NAME)";
				TEST_HOST = "$(BUNDLE_LOADER)";
				WRAPPER_EXTENSION = xctest;
			};
			name = Release;
		};
		CAE0283219D8DDD00034AF11 /* Debug */ = {
			isa = XCBuildConfiguration;
			buildSettings = {
				ALWAYS_SEARCH_USER_PATHS = NO;
				CLANG_CXX_LANGUAGE_STANDARD = "gnu++0x";
				CLANG_CXX_LIBRARY = "libc++";
				CLANG_ENABLE_MODULES = YES;
				CLANG_ENABLE_OBJC_ARC = YES;
				CLANG_WARN_BOOL_CONVERSION = YES;
				CLANG_WARN_CONSTANT_CONVERSION = YES;
				CLANG_WARN_DIRECT_OBJC_ISA_USAGE = YES_ERROR;
				CLANG_WARN_EMPTY_BODY = YES;
				CLANG_WARN_ENUM_CONVERSION = YES;
				CLANG_WARN_INT_CONVERSION = YES;
				CLANG_WARN_OBJC_ROOT_CLASS = YES_ERROR;
				CLANG_WARN__DUPLICATE_METHOD_MATCH = YES;
				"CODE_SIGN_IDENTITY[sdk=iphoneos*]" = "iPhone Developer";
				COPY_PHASE_STRIP = NO;
				GCC_C_LANGUAGE_STANDARD = gnu99;
				GCC_DYNAMIC_NO_PIC = NO;
				GCC_OPTIMIZATION_LEVEL = 0;
				GCC_PREPROCESSOR_DEFINITIONS = (
					"DEBUG=1",
					"$(inherited)",
				);
				GCC_SYMBOLS_PRIVATE_EXTERN = NO;
				GCC_WARN_64_TO_32_BIT_CONVERSION = YES;
				GCC_WARN_ABOUT_RETURN_TYPE = YES_ERROR;
				GCC_WARN_UNDECLARED_SELECTOR = YES;
				GCC_WARN_UNINITIALIZED_AUTOS = YES_AGGRESSIVE;
				GCC_WARN_UNUSED_FUNCTION = YES;
				GCC_WARN_UNUSED_VARIABLE = YES;
				IPHONEOS_DEPLOYMENT_TARGET = 7.1;
				ONLY_ACTIVE_ARCH = YES;
				SDKROOT = iphoneos;
			};
			name = Debug;
		};
		CAE0283319D8DDD00034AF11 /* Release */ = {
			isa = XCBuildConfiguration;
			buildSettings = {
				ALWAYS_SEARCH_USER_PATHS = NO;
				CLANG_CXX_LANGUAGE_STANDARD = "gnu++0x";
				CLANG_CXX_LIBRARY = "libc++";
				CLANG_ENABLE_MODULES = YES;
				CLANG_ENABLE_OBJC_ARC = YES;
				CLANG_WARN_BOOL_CONVERSION = YES;
				CLANG_WARN_CONSTANT_CONVERSION = YES;
				CLANG_WARN_DIRECT_OBJC_ISA_USAGE = YES_ERROR;
				CLANG_WARN_EMPTY_BODY = YES;
				CLANG_WARN_ENUM_CONVERSION = YES;
				CLANG_WARN_INT_CONVERSION = YES;
				CLANG_WARN_OBJC_ROOT_CLASS = YES_ERROR;
				CLANG_WARN__DUPLICATE_METHOD_MATCH = YES;
				"CODE_SIGN_IDENTITY[sdk=iphoneos*]" = "iPhone Developer";
				COPY_PHASE_STRIP = YES;
				ENABLE_NS_ASSERTIONS = NO;
				GCC_C_LANGUAGE_STANDARD = gnu99;
				GCC_WARN_64_TO_32_BIT_CONVERSION = YES;
				GCC_WARN_ABOUT_RETURN_TYPE = YES_ERROR;
				GCC_WARN_UNDECLARED_SELECTOR = YES;
				GCC_WARN_UNINITIALIZED_AUTOS = YES_AGGRESSIVE;
				GCC_WARN_UNUSED_FUNCTION = YES;
				GCC_WARN_UNUSED_VARIABLE = YES;
				IPHONEOS_DEPLOYMENT_TARGET = 7.1;
				SDKROOT = iphoneos;
				VALIDATE_PRODUCT = YES;
			};
			name = Release;
		};
		CAE0283519D8DDD00034AF11 /* Debug */ = {
			isa = XCBuildConfiguration;
			buildSettings = {
				ASSETCATALOG_COMPILER_APPICON_NAME = AppIcon;
				ASSETCATALOG_COMPILER_LAUNCHIMAGE_NAME = LaunchImage;
				GCC_PRECOMPILE_PREFIX_HEADER = YES;
				GCC_PREFIX_HEADER = "CustomContainer ViewControllers/CustomContainer ViewControllers-Prefix.pch";
				INFOPLIST_FILE = "CustomContainer ViewControllers/CustomContainer ViewControllers-Info.plist";
				PRODUCT_NAME = "$(TARGET_NAME)";
				WRAPPER_EXTENSION = app;
			};
			name = Debug;
		};
		CAE0283619D8DDD00034AF11 /* Release */ = {
			isa = XCBuildConfiguration;
			buildSettings = {
				ASSETCATALOG_COMPILER_APPICON_NAME = AppIcon;
				ASSETCATALOG_COMPILER_LAUNCHIMAGE_NAME = LaunchImage;
				GCC_PRECOMPILE_PREFIX_HEADER = YES;
				GCC_PREFIX_HEADER = "CustomContainer ViewControllers/CustomContainer ViewControllers-Prefix.pch";
				INFOPLIST_FILE = "CustomContainer ViewControllers/CustomContainer ViewControllers-Info.plist";
				PRODUCT_NAME = "$(TARGET_NAME)";
				WRAPPER_EXTENSION = app;
			};
			name = Release;
		};
		CAE0283819D8DDD00034AF11 /* Debug */ = {
			isa = XCBuildConfiguration;
			buildSettings = {
				BUNDLE_LOADER = "$(BUILT_PRODUCTS_DIR)/CustomContainer ViewControllers.app/CustomContainer ViewControllers";
				FRAMEWORK_SEARCH_PATHS = (
					"$(SDKROOT)/Developer/Library/Frameworks",
					"$(inherited)",
					"$(DEVELOPER_FRAMEWORKS_DIR)",
				);
				GCC_PRECOMPILE_PREFIX_HEADER = YES;
				GCC_PREFIX_HEADER = "CustomContainer ViewControllers/CustomContainer ViewControllers-Prefix.pch";
				GCC_PREPROCESSOR_DEFINITIONS = (
					"DEBUG=1",
					"$(inherited)",
				);
				INFOPLIST_FILE = "CustomContainer ViewControllersTests/CustomContainer ViewControllersTests-Info.plist";
				PRODUCT_NAME = "$(TARGET_NAME)";
				TEST_HOST = "$(BUNDLE_LOADER)";
				WRAPPER_EXTENSION = xctest;
			};
			name = Debug;
		};
		CAE0283919D8DDD00034AF11 /* Release */ = {
			isa = XCBuildConfiguration;
			buildSettings = {
				BUNDLE_LOADER = "$(BUILT_PRODUCTS_DIR)/CustomContainer ViewControllers.app/CustomContainer ViewControllers";
				FRAMEWORK_SEARCH_PATHS = (
					"$(SDKROOT)/Developer/Library/Frameworks",
					"$(inherited)",
					"$(DEVELOPER_FRAMEWORKS_DIR)",
				);
				GCC_PRECOMPILE_PREFIX_HEADER = YES;
				GCC_PREFIX_HEADER = "CustomContainer ViewControllers/CustomContainer ViewControllers-Prefix.pch";
				INFOPLIST_FILE = "CustomContainer ViewControllersTests/CustomContainer ViewControllersTests-Info.plist";
				PRODUCT_NAME = "$(TARGET_NAME)";
				TEST_HOST = "$(BUNDLE_LOADER)";
				WRAPPER_EXTENSION = xctest;
			};
			name = Release;
		};
/* End XCBuildConfiguration section */

/* Begin XCConfigurationList section */
		CA6B2DE819D92040003F8E84 /* Build configuration list for PBXNativeTarget "Test-抽屉" */ = {
			isa = XCConfigurationList;
			buildConfigurations = (
				CA6B2DE919D92040003F8E84 /* Debug */,
				CA6B2DEA19D92040003F8E84 /* Release */,
			);
			defaultConfigurationIsVisible = 0;
			defaultConfigurationName = Release;
		};
		CA6B2DEB19D92040003F8E84 /* Build configuration list for PBXNativeTarget "Test-抽屉Tests" */ = {
			isa = XCConfigurationList;
			buildConfigurations = (
				CA6B2DEC19D92040003F8E84 /* Debug */,
				CA6B2DED19D92040003F8E84 /* Release */,
			);
			defaultConfigurationIsVisible = 0;
			defaultConfigurationName = Release;
		};
		CAE027FD19D8DDD00034AF11 /* Build configuration list for PBXProject "CustomContainer ViewControllers" */ = {
			isa = XCConfigurationList;
			buildConfigurations = (
				CAE0283219D8DDD00034AF11 /* Debug */,
				CAE0283319D8DDD00034AF11 /* Release */,
			);
			defaultConfigurationIsVisible = 0;
			defaultConfigurationName = Release;
		};
		CAE0283419D8DDD00034AF11 /* Build configuration list for PBXNativeTarget "CustomContainer ViewControllers" */ = {
			isa = XCConfigurationList;
			buildConfigurations = (
				CAE0283519D8DDD00034AF11 /* Debug */,
				CAE0283619D8DDD00034AF11 /* Release */,
			);
			defaultConfigurationIsVisible = 0;
			defaultConfigurationName = Release;
		};
		CAE0283719D8DDD00034AF11 /* Build configuration list for PBXNativeTarget "CustomContainer ViewControllersTests" */ = {
			isa = XCConfigurationList;
			buildConfigurations = (
				CAE0283819D8DDD00034AF11 /* Debug */,
				CAE0283919D8DDD00034AF11 /* Release */,
			);
			defaultConfigurationIsVisible = 0;
			defaultConfigurationName = Release;
		};
/* End XCConfigurationList section */
	};
	rootObject = CAE027FA19D8DDD00034AF11 /* Project object */;
}
